// !$*UTF8*$!
{
	archiveVersion = 1;
	classes = {
	};
	objectVersion = 50;
	objects = {

/* Begin PBXBuildFile section */
		84D91EF7231B656D00F2F8B4 /* WordBuzzerTests.swift in Sources */ = {isa = PBXBuildFile; fileRef = 84D91EF6231B656D00F2F8B4 /* WordBuzzerTests.swift */; };
		84D91F02231B656D00F2F8B4 /* WordBuzzerUITests.swift in Sources */ = {isa = PBXBuildFile; fileRef = 84D91F01231B656D00F2F8B4 /* WordBuzzerUITests.swift */; };
		84D91F35231B67D700F2F8B4 /* AppDelegate.swift in Sources */ = {isa = PBXBuildFile; fileRef = 84D91F28231B67D700F2F8B4 /* AppDelegate.swift */; };
		84D91F37231B67D700F2F8B4 /* GameViewController.swift in Sources */ = {isa = PBXBuildFile; fileRef = 84D91F2C231B67D700F2F8B4 /* GameViewController.swift */; };
		84D91F38231B67D700F2F8B4 /* LaunchScreen.storyboard in Resources */ = {isa = PBXBuildFile; fileRef = 84D91F30231B67D700F2F8B4 /* LaunchScreen.storyboard */; };
		84D91F39231B67D700F2F8B4 /* Main.storyboard in Resources */ = {isa = PBXBuildFile; fileRef = 84D91F31231B67D700F2F8B4 /* Main.storyboard */; };
		84D91F3A231B67D700F2F8B4 /* Assets.xcassets in Resources */ = {isa = PBXBuildFile; fileRef = 84D91F32231B67D700F2F8B4 /* Assets.xcassets */; };
		84D91F3B231B67D700F2F8B4 /* words.json in Resources */ = {isa = PBXBuildFile; fileRef = 84D91F34231B67D700F2F8B4 /* words.json */; };
		84D91F3D231B683700F2F8B4 /* Translation.swift in Sources */ = {isa = PBXBuildFile; fileRef = 84D91F3C231B683700F2F8B4 /* Translation.swift */; };
		84D91F40231B68C100F2F8B4 /* Dictionary+Extensions.swift in Sources */ = {isa = PBXBuildFile; fileRef = 84D91F3F231B68C100F2F8B4 /* Dictionary+Extensions.swift */; };
		84D91F42231B693500F2F8B4 /* Player.swift in Sources */ = {isa = PBXBuildFile; fileRef = 84D91F41231B693500F2F8B4 /* Player.swift */; };
		84D91F44231B6BB500F2F8B4 /* GameServices.swift in Sources */ = {isa = PBXBuildFile; fileRef = 84D91F43231B6BB500F2F8B4 /* GameServices.swift */; };
		84D91F47231B7C6000F2F8B4 /* GameViewModel.swift in Sources */ = {isa = PBXBuildFile; fileRef = 84D91F46231B7C6000F2F8B4 /* GameViewModel.swift */; };
		84D91F49231BA2E700F2F8B4 /* ResultViewController.swift in Sources */ = {isa = PBXBuildFile; fileRef = 84D91F48231BA2E700F2F8B4 /* ResultViewController.swift */; };
/* End PBXBuildFile section */

/* Begin PBXContainerItemProxy section */
		84D91EF3231B656D00F2F8B4 /* PBXContainerItemProxy */ = {
			isa = PBXContainerItemProxy;
			containerPortal = 84D91ED6231B656C00F2F8B4 /* Project object */;
			proxyType = 1;
			remoteGlobalIDString = 84D91EDD231B656C00F2F8B4;
			remoteInfo = WordBuzzer;
		};
		84D91EFE231B656D00F2F8B4 /* PBXContainerItemProxy */ = {
			isa = PBXContainerItemProxy;
			containerPortal = 84D91ED6231B656C00F2F8B4 /* Project object */;
			proxyType = 1;
			remoteGlobalIDString = 84D91EDD231B656C00F2F8B4;
			remoteInfo = WordBuzzer;
		};
/* End PBXContainerItemProxy section */

/* Begin PBXFileReference section */
		84D91EDE231B656C00F2F8B4 /* WordBuzzer.app */ = {isa = PBXFileReference; explicitFileType = wrapper.application; includeInIndex = 0; path = WordBuzzer.app; sourceTree = BUILT_PRODUCTS_DIR; };
		84D91EF2231B656D00F2F8B4 /* WordBuzzerTests.xctest */ = {isa = PBXFileReference; explicitFileType = wrapper.cfbundle; includeInIndex = 0; path = WordBuzzerTests.xctest; sourceTree = BUILT_PRODUCTS_DIR; };
		84D91EF6231B656D00F2F8B4 /* WordBuzzerTests.swift */ = {isa = PBXFileReference; lastKnownFileType = sourcecode.swift; path = WordBuzzerTests.swift; sourceTree = "<group>"; };
		84D91EF8231B656D00F2F8B4 /* Info.plist */ = {isa = PBXFileReference; lastKnownFileType = text.plist.xml; path = Info.plist; sourceTree = "<group>"; };
		84D91EFD231B656D00F2F8B4 /* WordBuzzerUITests.xctest */ = {isa = PBXFileReference; explicitFileType = wrapper.cfbundle; includeInIndex = 0; path = WordBuzzerUITests.xctest; sourceTree = BUILT_PRODUCTS_DIR; };
		84D91F01231B656D00F2F8B4 /* WordBuzzerUITests.swift */ = {isa = PBXFileReference; lastKnownFileType = sourcecode.swift; path = WordBuzzerUITests.swift; sourceTree = "<group>"; };
		84D91F03231B656D00F2F8B4 /* Info.plist */ = {isa = PBXFileReference; lastKnownFileType = text.plist.xml; path = Info.plist; sourceTree = "<group>"; };
		84D91F28231B67D700F2F8B4 /* AppDelegate.swift */ = {isa = PBXFileReference; fileEncoding = 4; lastKnownFileType = sourcecode.swift; path = AppDelegate.swift; sourceTree = "<group>"; };
		84D91F29231B67D700F2F8B4 /* Info.plist */ = {isa = PBXFileReference; fileEncoding = 4; lastKnownFileType = text.plist.xml; path = Info.plist; sourceTree = "<group>"; };
		84D91F2C231B67D700F2F8B4 /* GameViewController.swift */ = {isa = PBXFileReference; fileEncoding = 4; lastKnownFileType = sourcecode.swift; path = GameViewController.swift; sourceTree = "<group>"; };
		84D91F30231B67D700F2F8B4 /* LaunchScreen.storyboard */ = {isa = PBXFileReference; fileEncoding = 4; lastKnownFileType = file.storyboard; path = LaunchScreen.storyboard; sourceTree = "<group>"; };
		84D91F31231B67D700F2F8B4 /* Main.storyboard */ = {isa = PBXFileReference; fileEncoding = 4; lastKnownFileType = file.storyboard; path = Main.storyboard; sourceTree = "<group>"; };
		84D91F32231B67D700F2F8B4 /* Assets.xcassets */ = {isa = PBXFileReference; lastKnownFileType = folder.assetcatalog; path = Assets.xcassets; sourceTree = "<group>"; };
		84D91F34231B67D700F2F8B4 /* words.json */ = {isa = PBXFileReference; fileEncoding = 4; lastKnownFileType = text.json; path = words.json; sourceTree = "<group>"; };
		84D91F3C231B683700F2F8B4 /* Translation.swift */ = {isa = PBXFileReference; lastKnownFileType = sourcecode.swift; path = Translation.swift; sourceTree = "<group>"; };
		84D91F3F231B68C100F2F8B4 /* Dictionary+Extensions.swift */ = {isa = PBXFileReference; lastKnownFileType = sourcecode.swift; path = "Dictionary+Extensions.swift"; sourceTree = "<group>"; };
		84D91F41231B693500F2F8B4 /* Player.swift */ = {isa = PBXFileReference; lastKnownFileType = sourcecode.swift; path = Player.swift; sourceTree = "<group>"; };
		84D91F43231B6BB500F2F8B4 /* GameServices.swift */ = {isa = PBXFileReference; lastKnownFileType = sourcecode.swift; path = GameServices.swift; sourceTree = "<group>"; };
		84D91F46231B7C6000F2F8B4 /* GameViewModel.swift */ = {isa = PBXFileReference; lastKnownFileType = sourcecode.swift; path = GameViewModel.swift; sourceTree = "<group>"; };
		84D91F48231BA2E700F2F8B4 /* ResultViewController.swift */ = {isa = PBXFileReference; lastKnownFileType = sourcecode.swift; path = ResultViewController.swift; sourceTree = "<group>"; };
/* End PBXFileReference section */

/* Begin PBXFrameworksBuildPhase section */
		84D91EDB231B656C00F2F8B4 /* Frameworks */ = {
			isa = PBXFrameworksBuildPhase;
			buildActionMask = 2147483647;
			files = (
			);
			runOnlyForDeploymentPostprocessing = 0;
		};
		84D91EEF231B656D00F2F8B4 /* Frameworks */ = {
			isa = PBXFrameworksBuildPhase;
			buildActionMask = 2147483647;
			files = (
			);
			runOnlyForDeploymentPostprocessing = 0;
		};
		84D91EFA231B656D00F2F8B4 /* Frameworks */ = {
			isa = PBXFrameworksBuildPhase;
			buildActionMask = 2147483647;
			files = (
			);
			runOnlyForDeploymentPostprocessing = 0;
		};
/* End PBXFrameworksBuildPhase section */

/* Begin PBXGroup section */
		84D91ED5231B656C00F2F8B4 = {
			isa = PBXGroup;
			children = (
				84D91F0F231B678D00F2F8B4 /* WordBuzzer */,
				84D91EF5231B656D00F2F8B4 /* WordBuzzerTests */,
				84D91F00231B656D00F2F8B4 /* WordBuzzerUITests */,
				84D91EDF231B656C00F2F8B4 /* Products */,
			);
			sourceTree = "<group>";
		};
		84D91EDF231B656C00F2F8B4 /* Products */ = {
			isa = PBXGroup;
			children = (
				84D91EDE231B656C00F2F8B4 /* WordBuzzer.app */,
				84D91EF2231B656D00F2F8B4 /* WordBuzzerTests.xctest */,
				84D91EFD231B656D00F2F8B4 /* WordBuzzerUITests.xctest */,
			);
			name = Products;
			sourceTree = "<group>";
		};
		84D91EF5231B656D00F2F8B4 /* WordBuzzerTests */ = {
			isa = PBXGroup;
			children = (
				84D91EF6231B656D00F2F8B4 /* WordBuzzerTests.swift */,
				84D91EF8231B656D00F2F8B4 /* Info.plist */,
			);
			path = WordBuzzerTests;
			sourceTree = "<group>";
		};
		84D91F00231B656D00F2F8B4 /* WordBuzzerUITests */ = {
			isa = PBXGroup;
			children = (
				84D91F01231B656D00F2F8B4 /* WordBuzzerUITests.swift */,
				84D91F03231B656D00F2F8B4 /* Info.plist */,
			);
			path = WordBuzzerUITests;
			sourceTree = "<group>";
		};
		84D91F0F231B678D00F2F8B4 /* WordBuzzer */ = {
			isa = PBXGroup;
			children = (
				84D91F27231B67D700F2F8B4 /* Application */,
				84D91F2A231B67D700F2F8B4 /* Extensions */,
				84D91F26231B67D600F2F8B4 /* Models */,
				84D91F2E231B67D700F2F8B4 /* Resources */,
				84D91F2D231B67D700F2F8B4 /* Services */,
				84D91F2B231B67D700F2F8B4 /* ViewControllers */,
			);
			path = WordBuzzer;
			sourceTree = "<group>";
		};
		84D91F26231B67D600F2F8B4 /* Models */ = {
			isa = PBXGroup;
			children = (
				84D91F3C231B683700F2F8B4 /* Translation.swift */,
				84D91F41231B693500F2F8B4 /* Player.swift */,
			);
			path = Models;
			sourceTree = "<group>";
		};
		84D91F27231B67D700F2F8B4 /* Application */ = {
			isa = PBXGroup;
			children = (
				84D91F28231B67D700F2F8B4 /* AppDelegate.swift */,
				84D91F29231B67D700F2F8B4 /* Info.plist */,
			);
			path = Application;
			sourceTree = "<group>";
		};
		84D91F2A231B67D700F2F8B4 /* Extensions */ = {
			isa = PBXGroup;
			children = (
				84D91F3E231B68AB00F2F8B4 /* Foundation */,
			);
			path = Extensions;
			sourceTree = "<group>";
		};
		84D91F2B231B67D700F2F8B4 /* ViewControllers */ = {
			isa = PBXGroup;
			children = (
				84D91F45231B7C4E00F2F8B4 /* ViewModel */,
				84D91F2C231B67D700F2F8B4 /* GameViewController.swift */,
				84D91F48231BA2E700F2F8B4 /* ResultViewController.swift */,
			);
			path = ViewControllers;
			sourceTree = "<group>";
		};
		84D91F2D231B67D700F2F8B4 /* Services */ = {
			isa = PBXGroup;
			children = (
				84D91F43231B6BB500F2F8B4 /* GameServices.swift */,
			);
			path = Services;
			sourceTree = "<group>";
		};
		84D91F2E231B67D700F2F8B4 /* Resources */ = {
			isa = PBXGroup;
			children = (
				84D91F2F231B67D700F2F8B4 /* Storyboards */,
				84D91F32231B67D700F2F8B4 /* Assets.xcassets */,
				84D91F33231B67D700F2F8B4 /* Json */,
			);
			path = Resources;
			sourceTree = "<group>";
		};
		84D91F2F231B67D700F2F8B4 /* Storyboards */ = {
			isa = PBXGroup;
			children = (
				84D91F30231B67D700F2F8B4 /* LaunchScreen.storyboard */,
				84D91F31231B67D700F2F8B4 /* Main.storyboard */,
			);
			path = Storyboards;
			sourceTree = "<group>";
		};
		84D91F33231B67D700F2F8B4 /* Json */ = {
			isa = PBXGroup;
			children = (
				84D91F34231B67D700F2F8B4 /* words.json */,
			);
			path = Json;
			sourceTree = "<group>";
		};
		84D91F3E231B68AB00F2F8B4 /* Foundation */ = {
			isa = PBXGroup;
			children = (
				84D91F3F231B68C100F2F8B4 /* Dictionary+Extensions.swift */,
			);
			path = Foundation;
			sourceTree = "<group>";
		};
		84D91F45231B7C4E00F2F8B4 /* ViewModel */ = {
			isa = PBXGroup;
			children = (
				84D91F46231B7C6000F2F8B4 /* GameViewModel.swift */,
			);
			path = ViewModel;
			sourceTree = "<group>";
		};
/* End PBXGroup section */

/* Begin PBXNativeTarget section */
		84D91EDD231B656C00F2F8B4 /* WordBuzzer */ = {
			isa = PBXNativeTarget;
			buildConfigurationList = 84D91F06231B656D00F2F8B4 /* Build configuration list for PBXNativeTarget "WordBuzzer" */;
			buildPhases = (
				84D91EDA231B656C00F2F8B4 /* Sources */,
				84D91EDB231B656C00F2F8B4 /* Frameworks */,
				84D91EDC231B656C00F2F8B4 /* Resources */,
			);
			buildRules = (
			);
			dependencies = (
			);
			name = WordBuzzer;
			productName = WordBuzzer;
			productReference = 84D91EDE231B656C00F2F8B4 /* WordBuzzer.app */;
			productType = "com.apple.product-type.application";
		};
		84D91EF1231B656D00F2F8B4 /* WordBuzzerTests */ = {
			isa = PBXNativeTarget;
			buildConfigurationList = 84D91F09231B656D00F2F8B4 /* Build configuration list for PBXNativeTarget "WordBuzzerTests" */;
			buildPhases = (
				84D91EEE231B656D00F2F8B4 /* Sources */,
				84D91EEF231B656D00F2F8B4 /* Frameworks */,
				84D91EF0231B656D00F2F8B4 /* Resources */,
			);
			buildRules = (
			);
			dependencies = (
				84D91EF4231B656D00F2F8B4 /* PBXTargetDependency */,
			);
			name = WordBuzzerTests;
			productName = WordBuzzerTests;
			productReference = 84D91EF2231B656D00F2F8B4 /* WordBuzzerTests.xctest */;
			productType = "com.apple.product-type.bundle.unit-test";
		};
		84D91EFC231B656D00F2F8B4 /* WordBuzzerUITests */ = {
			isa = PBXNativeTarget;
			buildConfigurationList = 84D91F0C231B656D00F2F8B4 /* Build configuration list for PBXNativeTarget "WordBuzzerUITests" */;
			buildPhases = (
				84D91EF9231B656D00F2F8B4 /* Sources */,
				84D91EFA231B656D00F2F8B4 /* Frameworks */,
				84D91EFB231B656D00F2F8B4 /* Resources */,
			);
			buildRules = (
			);
			dependencies = (
				84D91EFF231B656D00F2F8B4 /* PBXTargetDependency */,
			);
			name = WordBuzzerUITests;
			productName = WordBuzzerUITests;
			productReference = 84D91EFD231B656D00F2F8B4 /* WordBuzzerUITests.xctest */;
			productType = "com.apple.product-type.bundle.ui-testing";
		};
/* End PBXNativeTarget section */

/* Begin PBXProject section */
		84D91ED6231B656C00F2F8B4 /* Project object */ = {
			isa = PBXProject;
			attributes = {
				LastSwiftUpdateCheck = 1030;
				LastUpgradeCheck = 1030;
				ORGANIZATIONNAME = "Hardik Kothari";
				TargetAttributes = {
					84D91EDD231B656C00F2F8B4 = {
						CreatedOnToolsVersion = 10.3;
					};
					84D91EF1231B656D00F2F8B4 = {
						CreatedOnToolsVersion = 10.3;
						TestTargetID = 84D91EDD231B656C00F2F8B4;
					};
					84D91EFC231B656D00F2F8B4 = {
						CreatedOnToolsVersion = 10.3;
						TestTargetID = 84D91EDD231B656C00F2F8B4;
					};
				};
			};
			buildConfigurationList = 84D91ED9231B656C00F2F8B4 /* Build configuration list for PBXProject "WordBuzzer" */;
			compatibilityVersion = "Xcode 9.3";
			developmentRegion = en;
			hasScannedForEncodings = 0;
			knownRegions = (
				en,
				Base,
			);
			mainGroup = 84D91ED5231B656C00F2F8B4;
			productRefGroup = 84D91EDF231B656C00F2F8B4 /* Products */;
			projectDirPath = "";
			projectRoot = "";
			targets = (
				84D91EDD231B656C00F2F8B4 /* WordBuzzer */,
				84D91EF1231B656D00F2F8B4 /* WordBuzzerTests */,
				84D91EFC231B656D00F2F8B4 /* WordBuzzerUITests */,
			);
		};
/* End PBXProject section */

/* Begin PBXResourcesBuildPhase section */
		84D91EDC231B656C00F2F8B4 /* Resources */ = {
			isa = PBXResourcesBuildPhase;
			buildActionMask = 2147483647;
			files = (
				84D91F39231B67D700F2F8B4 /* Main.storyboard in Resources */,
				84D91F3A231B67D700F2F8B4 /* Assets.xcassets in Resources */,
				84D91F38231B67D700F2F8B4 /* LaunchScreen.storyboard in Resources */,
				84D91F3B231B67D700F2F8B4 /* words.json in Resources */,
			);
			runOnlyForDeploymentPostprocessing = 0;
		};
		84D91EF0231B656D00F2F8B4 /* Resources */ = {
			isa = PBXResourcesBuildPhase;
			buildActionMask = 2147483647;
			files = (
			);
			runOnlyForDeploymentPostprocessing = 0;
		};
		84D91EFB231B656D00F2F8B4 /* Resources */ = {
			isa = PBXResourcesBuildPhase;
			buildActionMask = 2147483647;
			files = (
			);
			runOnlyForDeploymentPostprocessing = 0;
		};
/* End PBXResourcesBuildPhase section */

/* Begin PBXSourcesBuildPhase section */
		84D91EDA231B656C00F2F8B4 /* Sources */ = {
			isa = PBXSourcesBuildPhase;
			buildActionMask = 2147483647;
			files = (
				84D91F37231B67D700F2F8B4 /* GameViewController.swift in Sources */,
				84D91F44231B6BB500F2F8B4 /* GameServices.swift in Sources */,
				84D91F35231B67D700F2F8B4 /* AppDelegate.swift in Sources */,
				84D91F49231BA2E700F2F8B4 /* ResultViewController.swift in Sources */,
				84D91F3D231B683700F2F8B4 /* Translation.swift in Sources */,
				84D91F42231B693500F2F8B4 /* Player.swift in Sources */,
				84D91F40231B68C100F2F8B4 /* Dictionary+Extensions.swift in Sources */,
				84D91F47231B7C6000F2F8B4 /* GameViewModel.swift in Sources */,
			);
			runOnlyForDeploymentPostprocessing = 0;
		};
		84D91EEE231B656D00F2F8B4 /* Sources */ = {
			isa = PBXSourcesBuildPhase;
			buildActionMask = 2147483647;
			files = (
				84D91EF7231B656D00F2F8B4 /* WordBuzzerTests.swift in Sources */,
			);
			runOnlyForDeploymentPostprocessing = 0;
		};
		84D91EF9231B656D00F2F8B4 /* Sources */ = {
			isa = PBXSourcesBuildPhase;
			buildActionMask = 2147483647;
			files = (
				84D91F02231B656D00F2F8B4 /* WordBuzzerUITests.swift in Sources */,
			);
			runOnlyForDeploymentPostprocessing = 0;
		};
/* End PBXSourcesBuildPhase section */

/* Begin PBXTargetDependency section */
		84D91EF4231B656D00F2F8B4 /* PBXTargetDependency */ = {
			isa = PBXTargetDependency;
			target = 84D91EDD231B656C00F2F8B4 /* WordBuzzer */;
			targetProxy = 84D91EF3231B656D00F2F8B4 /* PBXContainerItemProxy */;
		};
		84D91EFF231B656D00F2F8B4 /* PBXTargetDependency */ = {
			isa = PBXTargetDependency;
			target = 84D91EDD231B656C00F2F8B4 /* WordBuzzer */;
			targetProxy = 84D91EFE231B656D00F2F8B4 /* PBXContainerItemProxy */;
		};
/* End PBXTargetDependency section */

/* Begin XCBuildConfiguration section */
		84D91F04231B656D00F2F8B4 /* Debug */ = {
			isa = XCBuildConfiguration;
			buildSettings = {
				ALWAYS_SEARCH_USER_PATHS = NO;
				CLANG_ANALYZER_NONNULL = YES;
				CLANG_ANALYZER_NUMBER_OBJECT_CONVERSION = YES_AGGRESSIVE;
				CLANG_CXX_LANGUAGE_STANDARD = "gnu++14";
				CLANG_CXX_LIBRARY = "libc++";
				CLANG_ENABLE_MODULES = YES;
				CLANG_ENABLE_OBJC_ARC = YES;
				CLANG_ENABLE_OBJC_WEAK = YES;
				CLANG_WARN_BLOCK_CAPTURE_AUTORELEASING = YES;
				CLANG_WARN_BOOL_CONVERSION = YES;
				CLANG_WARN_COMMA = YES;
				CLANG_WARN_CONSTANT_CONVERSION = YES;
				CLANG_WARN_DEPRECATED_OBJC_IMPLEMENTATIONS = YES;
				CLANG_WARN_DIRECT_OBJC_ISA_USAGE = YES_ERROR;
				CLANG_WARN_DOCUMENTATION_COMMENTS = YES;
				CLANG_WARN_EMPTY_BODY = YES;
				CLANG_WARN_ENUM_CONVERSION = YES;
				CLANG_WARN_INFINITE_RECURSION = YES;
				CLANG_WARN_INT_CONVERSION = YES;
				CLANG_WARN_NON_LITERAL_NULL_CONVERSION = YES;
				CLANG_WARN_OBJC_IMPLICIT_RETAIN_SELF = YES;
				CLANG_WARN_OBJC_LITERAL_CONVERSION = YES;
				CLANG_WARN_OBJC_ROOT_CLASS = YES_ERROR;
				CLANG_WARN_RANGE_LOOP_ANALYSIS = YES;
				CLANG_WARN_STRICT_PROTOTYPES = YES;
				CLANG_WARN_SUSPICIOUS_MOVE = YES;
				CLANG_WARN_UNGUARDED_AVAILABILITY = YES_AGGRESSIVE;
				CLANG_WARN_UNREACHABLE_CODE = YES;
				CLANG_WARN__DUPLICATE_METHOD_MATCH = YES;
				CODE_SIGN_IDENTITY = "iPhone Developer";
				COPY_PHASE_STRIP = NO;
				DEBUG_INFORMATION_FORMAT = dwarf;
				ENABLE_STRICT_OBJC_MSGSEND = YES;
				ENABLE_TESTABILITY = YES;
				GCC_C_LANGUAGE_STANDARD = gnu11;
				GCC_DYNAMIC_NO_PIC = NO;
				GCC_NO_COMMON_BLOCKS = YES;
				GCC_OPTIMIZATION_LEVEL = 0;
				GCC_PREPROCESSOR_DEFINITIONS = (
					"DEBUG=1",
					"$(inherited)",
				);
				GCC_WARN_64_TO_32_BIT_CONVERSION = YES;
				GCC_WARN_ABOUT_RETURN_TYPE = YES_ERROR;
				GCC_WARN_UNDECLARED_SELECTOR = YES;
				GCC_WARN_UNINITIALIZED_AUTOS = YES_AGGRESSIVE;
				GCC_WARN_UNUSED_FUNCTION = YES;
				GCC_WARN_UNUSED_VARIABLE = YES;
				IPHONEOS_DEPLOYMENT_TARGET = 12.4;
				MTL_ENABLE_DEBUG_INFO = INCLUDE_SOURCE;
				MTL_FAST_MATH = YES;
				ONLY_ACTIVE_ARCH = YES;
				SDKROOT = iphoneos;
				SWIFT_ACTIVE_COMPILATION_CONDITIONS = DEBUG;
				SWIFT_OPTIMIZATION_LEVEL = "-Onone";
			};
			name = Debug;
		};
		84D91F05231B656D00F2F8B4 /* Release */ = {
			isa = XCBuildConfiguration;
			buildSettings = {
				ALWAYS_SEARCH_USER_PATHS = NO;
				CLANG_ANALYZER_NONNULL = YES;
				CLANG_ANALYZER_NUMBER_OBJECT_CONVERSION = YES_AGGRESSIVE;
				CLANG_CXX_LANGUAGE_STANDARD = "gnu++14";
				CLANG_CXX_LIBRARY = "libc++";
				CLANG_ENABLE_MODULES = YES;
				CLANG_ENABLE_OBJC_ARC = YES;
				CLANG_ENABLE_OBJC_WEAK = YES;
				CLANG_WARN_BLOCK_CAPTURE_AUTORELEASING = YES;
				CLANG_WARN_BOOL_CONVERSION = YES;
				CLANG_WARN_COMMA = YES;
				CLANG_WARN_CONSTANT_CONVERSION = YES;
				CLANG_WARN_DEPRECATED_OBJC_IMPLEMENTATIONS = YES;
				CLANG_WARN_DIRECT_OBJC_ISA_USAGE = YES_ERROR;
				CLANG_WARN_DOCUMENTATION_COMMENTS = YES;
				CLANG_WARN_EMPTY_BODY = YES;
				CLANG_WARN_ENUM_CONVERSION = YES;
				CLANG_WARN_INFINITE_RECURSION = YES;
				CLANG_WARN_INT_CONVERSION = YES;
				CLANG_WARN_NON_LITERAL_NULL_CONVERSION = YES;
				CLANG_WARN_OBJC_IMPLICIT_RETAIN_SELF = YES;
				CLANG_WARN_OBJC_LITERAL_CONVERSION = YES;
				CLANG_WARN_OBJC_ROOT_CLASS = YES_ERROR;
				CLANG_WARN_RANGE_LOOP_ANALYSIS = YES;
				CLANG_WARN_STRICT_PROTOTYPES = YES;
				CLANG_WARN_SUSPICIOUS_MOVE = YES;
				CLANG_WARN_UNGUARDED_AVAILABILITY = YES_AGGRESSIVE;
				CLANG_WARN_UNREACHABLE_CODE = YES;
				CLANG_WARN__DUPLICATE_METHOD_MATCH = YES;
				CODE_SIGN_IDENTITY = "iPhone Developer";
				COPY_PHASE_STRIP = NO;
				DEBUG_INFORMATION_FORMAT = "dwarf-with-dsym";
				ENABLE_NS_ASSERTIONS = NO;
				ENABLE_STRICT_OBJC_MSGSEND = YES;
				GCC_C_LANGUAGE_STANDARD = gnu11;
				GCC_NO_COMMON_BLOCKS = YES;
				GCC_WARN_64_TO_32_BIT_CONVERSION = YES;
				GCC_WARN_ABOUT_RETURN_TYPE = YES_ERROR;
				GCC_WARN_UNDECLARED_SELECTOR = YES;
				GCC_WARN_UNINITIALIZED_AUTOS = YES_AGGRESSIVE;
				GCC_WARN_UNUSED_FUNCTION = YES;
				GCC_WARN_UNUSED_VARIABLE = YES;
				IPHONEOS_DEPLOYMENT_TARGET = 12.4;
				MTL_ENABLE_DEBUG_INFO = NO;
				MTL_FAST_MATH = YES;
				SDKROOT = iphoneos;
				SWIFT_COMPILATION_MODE = wholemodule;
				SWIFT_OPTIMIZATION_LEVEL = "-O";
				VALIDATE_PRODUCT = YES;
			};
			name = Release;
		};
		84D91F07231B656D00F2F8B4 /* Debug */ = {
			isa = XCBuildConfiguration;
			buildSettings = {
				ASSETCATALOG_COMPILER_APPICON_NAME = AppIcon;
				CODE_SIGN_STYLE = Automatic;
				INFOPLIST_FILE = "$(SRCROOT)/WordBuzzer/Application/Info.plist";
				LD_RUNPATH_SEARCH_PATHS = (
					"$(inherited)",
					"@executable_path/Frameworks",
				);
				PRODUCT_BUNDLE_IDENTIFIER = com.hardik.wordbuzzer;
				PRODUCT_NAME = "$(TARGET_NAME)";
				SWIFT_VERSION = 5.0;
				TARGETED_DEVICE_FAMILY = 1;
			};
			name = Debug;
		};
		84D91F08231B656D00F2F8B4 /* Release */ = {
			isa = XCBuildConfiguration;
			buildSettings = {
				ASSETCATALOG_COMPILER_APPICON_NAME = AppIcon;
				CODE_SIGN_STYLE = Automatic;
				INFOPLIST_FILE = "$(SRCROOT)/WordBuzzer/Application/Info.plist";
				LD_RUNPATH_SEARCH_PATHS = (
					"$(inherited)",
					"@executable_path/Frameworks",
				);
				PRODUCT_BUNDLE_IDENTIFIER = com.hardik.wordbuzzer;
				PRODUCT_NAME = "$(TARGET_NAME)";
				SWIFT_VERSION = 5.0;
				TARGETED_DEVICE_FAMILY = 1;
			};
			name = Release;
		};
		84D91F0A231B656D00F2F8B4 /* Debug */ = {
			isa = XCBuildConfiguration;
			buildSettings = {
				ALWAYS_EMBED_SWIFT_STANDARD_LIBRARIES = YES;
				BUNDLE_LOADER = "$(TEST_HOST)";
				CODE_SIGN_STYLE = Automatic;
				INFOPLIST_FILE = WordBuzzerTests/Info.plist;
				LD_RUNPATH_SEARCH_PATHS = (
					"$(inherited)",
					"@executable_path/Frameworks",
					"@loader_path/Frameworks",
				);
				PRODUCT_BUNDLE_IDENTIFIER = "Hardik-Kothari.WordBuzzerTests";
				PRODUCT_NAME = "$(TARGET_NAME)";
				SWIFT_VERSION = 5.0;
				TARGETED_DEVICE_FAMILY = "1,2";
				TEST_HOST = "$(BUILT_PRODUCTS_DIR)/WordBuzzer.app/WordBuzzer";
			};
			name = Debug;
		};
		84D91F0B231B656D00F2F8B4 /* Release */ = {
			isa = XCBuildConfiguration;
			buildSettings = {
				ALWAYS_EMBED_SWIFT_STANDARD_LIBRARIES = YES;
				BUNDLE_LOADER = "$(TEST_HOST)";
				CODE_SIGN_STYLE = Automatic;
				INFOPLIST_FILE = WordBuzzerTests/Info.plist;
				LD_RUNPATH_SEARCH_PATHS = (
					"$(inherited)",
					"@executable_path/Frameworks",
					"@loader_path/Frameworks",
				);
				PRODUCT_BUNDLE_IDENTIFIER = "Hardik-Kothari.WordBuzzerTests";
				PRODUCT_NAME = "$(TARGET_NAME)";
				SWIFT_VERSION = 5.0;
				TARGETED_DEVICE_FAMILY = "1,2";
				TEST_HOST = "$(BUILT_PRODUCTS_DIR)/WordBuzzer.app/WordBuzzer";
			};
			name = Release;
		};
		84D91F0D231B656D00F2F8B4 /* Debug */ = {
			isa = XCBuildConfiguration;
			buildSettings = {
				ALWAYS_EMBED_SWIFT_STANDARD_LIBRARIES = YES;
				CODE_SIGN_STYLE = Automatic;
				INFOPLIST_FILE = WordBuzzerUITests/Info.plist;
				LD_RUNPATH_SEARCH_PATHS = (
					"$(inherited)",
					"@executable_path/Frameworks",
					"@loader_path/Frameworks",
				);
				PRODUCT_BUNDLE_IDENTIFIER = "Hardik-Kothari.WordBuzzerUITests";
				PRODUCT_NAME = "$(TARGET_NAME)";
				SWIFT_VERSION = 5.0;
				TARGETED_DEVICE_FAMILY = "1,2";
				TEST_TARGET_NAME = WordBuzzer;
			};
			name = Debug;
		};
		84D91F0E231B656D00F2F8B4 /* Release */ = {
			isa = XCBuildConfiguration;
			buildSettings = {
				ALWAYS_EMBED_SWIFT_STANDARD_LIBRARIES = YES;
				CODE_SIGN_STYLE = Automatic;
				INFOPLIST_FILE = WordBuzzerUITests/Info.plist;
				LD_RUNPATH_SEARCH_PATHS = (
					"$(inherited)",
					"@executable_path/Frameworks",
					"@loader_path/Frameworks",
				);
				PRODUCT_BUNDLE_IDENTIFIER = "Hardik-Kothari.WordBuzzerUITests";
				PRODUCT_NAME = "$(TARGET_NAME)";
				SWIFT_VERSION = 5.0;
				TARGETED_DEVICE_FAMILY = "1,2";
				TEST_TARGET_NAME = WordBuzzer;
			};
			name = Release;
		};
/* End XCBuildConfiguration section */

/* Begin XCConfigurationList section */
		84D91ED9231B656C00F2F8B4 /* Build configuration list for PBXProject "WordBuzzer" */ = {
			isa = XCConfigurationList;
			buildConfigurations = (
				84D91F04231B656D00F2F8B4 /* Debug */,
				84D91F05231B656D00F2F8B4 /* Release */,
			);
			defaultConfigurationIsVisible = 0;
			defaultConfigurationName = Release;
		};
		84D91F06231B656D00F2F8B4 /* Build configuration list for PBXNativeTarget "WordBuzzer" */ = {
			isa = XCConfigurationList;
			buildConfigurations = (
				84D91F07231B656D00F2F8B4 /* Debug */,
				84D91F08231B656D00F2F8B4 /* Release */,
			);
			defaultConfigurationIsVisible = 0;
			defaultConfigurationName = Release;
		};
		84D91F09231B656D00F2F8B4 /* Build configuration list for PBXNativeTarget "WordBuzzerTests" */ = {
			isa = XCConfigurationList;
			buildConfigurations = (
				84D91F0A231B656D00F2F8B4 /* Debug */,
				84D91F0B231B656D00F2F8B4 /* Release */,
			);
			defaultConfigurationIsVisible = 0;
			defaultConfigurationName = Release;
		};
		84D91F0C231B656D00F2F8B4 /* Build configuration list for PBXNativeTarget "WordBuzzerUITests" */ = {
			isa = XCConfigurationList;
			buildConfigurations = (
				84D91F0D231B656D00F2F8B4 /* Debug */,
				84D91F0E231B656D00F2F8B4 /* Release */,
			);
			defaultConfigurationIsVisible = 0;
			defaultConfigurationName = Release;
		};
/* End XCConfigurationList section */
	};
	rootObject = 84D91ED6231B656C00F2F8B4 /* Project object */;
}
